// !$*UTF8*$!
{
	archiveVersion = 1;
	classes = {
	};
	objectVersion = 52;
	objects = {

/* Begin PBXBuildFile section */
		02057A92269B9A1F00F66115 /* CardInfoLabel.swift in Sources */ = {isa = PBXBuildFile; fileRef = 02057A91269B9A1F00F66115 /* CardInfoLabel.swift */; };
		02057A94269BA3F900F66115 /* UIButton-Extension.swift in Sources */ = {isa = PBXBuildFile; fileRef = 02057A93269BA3F900F66115 /* UIButton-Extension.swift */; };
		02057A96269BA4D600F66115 /* CardImageView.swift in Sources */ = {isa = PBXBuildFile; fileRef = 02057A95269BA4D600F66115 /* CardImageView.swift */; };
		02057A9C269E391800F66115 /* GoogleService-Info.plist in Resources */ = {isa = PBXBuildFile; fileRef = 02057A9B269E391800F66115 /* GoogleService-Info.plist */; };
		02057A9E269E3B0A00F66115 /* RegisterViewController.swift in Sources */ = {isa = PBXBuildFile; fileRef = 02057A9D269E3B0A00F66115 /* RegisterViewController.swift */; };
		02057AA2269E40F500F66115 /* RegisterTextField.swift in Sources */ = {isa = PBXBuildFile; fileRef = 02057AA1269E40F500F66115 /* RegisterTextField.swift */; };
		02616576269451870077C244 /* AppDelegate.swift in Sources */ = {isa = PBXBuildFile; fileRef = 02616575269451870077C244 /* AppDelegate.swift */; };
		02616578269451870077C244 /* SceneDelegate.swift in Sources */ = {isa = PBXBuildFile; fileRef = 02616577269451870077C244 /* SceneDelegate.swift */; };
		0261657A269451870077C244 /* HomeViewController.swift in Sources */ = {isa = PBXBuildFile; fileRef = 02616579269451870077C244 /* HomeViewController.swift */; };
		0261657F2694518B0077C244 /* Assets.xcassets in Resources */ = {isa = PBXBuildFile; fileRef = 0261657E2694518B0077C244 /* Assets.xcassets */; };
		026165822694518B0077C244 /* LaunchScreen.storyboard in Resources */ = {isa = PBXBuildFile; fileRef = 026165802694518B0077C244 /* LaunchScreen.storyboard */; };
		0261658C269500BC0077C244 /* BottomContollView.swift in Sources */ = {isa = PBXBuildFile; fileRef = 0261658B269500BC0077C244 /* BottomContollView.swift */; };
		0261658E2696A6B50077C244 /* UIImage-Extension.swift in Sources */ = {isa = PBXBuildFile; fileRef = 0261658D2696A6B40077C244 /* UIImage-Extension.swift */; };
		026165912697A1C40077C244 /* TopControlView.swift in Sources */ = {isa = PBXBuildFile; fileRef = 026165902697A1C40077C244 /* TopControlView.swift */; };
		026165942697ADDA0077C244 /* RxSwift in Frameworks */ = {isa = PBXBuildFile; productRef = 026165932697ADDA0077C244 /* RxSwift */; };
		026165962697ADDA0077C244 /* RxCocoa in Frameworks */ = {isa = PBXBuildFile; productRef = 026165952697ADDA0077C244 /* RxCocoa */; };
		026165982697ADDA0077C244 /* RxRelay in Frameworks */ = {isa = PBXBuildFile; productRef = 026165972697ADDA0077C244 /* RxRelay */; };
		0261659A2697BC5B0077C244 /* UIView-Extension.swift in Sources */ = {isa = PBXBuildFile; fileRef = 026165992697BC5B0077C244 /* UIView-Extension.swift */; };
		0261659C269824C20077C244 /* CardView.swift in Sources */ = {isa = PBXBuildFile; fileRef = 0261659B269824C20077C244 /* CardView.swift */; };
		0261659E269974CA0077C244 /* UIColor-Extension.swift in Sources */ = {isa = PBXBuildFile; fileRef = 0261659D269974CA0077C244 /* UIColor-Extension.swift */; };
		027617FC26AA764D00112F68 /* ProfileViewController.swift in Sources */ = {isa = PBXBuildFile; fileRef = 027617FB26AA764D00112F68 /* ProfileViewController.swift */; };
		027617FF26AA7B7000112F68 /* ProfileImageView.swift in Sources */ = {isa = PBXBuildFile; fileRef = 027617FE26AA7B7000112F68 /* ProfileImageView.swift */; };
		0276180126AA7C8500112F68 /* ProfileLabel.swift in Sources */ = {isa = PBXBuildFile; fileRef = 0276180026AA7C8500112F68 /* ProfileLabel.swift */; };
		028BDA0226AB8C9700EB2C6A /* ProfileTextField.swift in Sources */ = {isa = PBXBuildFile; fileRef = 028BDA0126AB8C9700EB2C6A /* ProfileTextField.swift */; };
		028BDA0526AB93FF00EB2C6A /* InfoCollectionViewCell.swift in Sources */ = {isa = PBXBuildFile; fileRef = 028BDA0426AB93FF00EB2C6A /* InfoCollectionViewCell.swift */; };
		02E816C8269F8CFF00B4096C /* RegisterTiitleLabel.swift in Sources */ = {isa = PBXBuildFile; fileRef = 02E816C7269F8CFF00B4096C /* RegisterTiitleLabel.swift */; };
		02E816CA269F90A800B4096C /* RegisterButton.swift in Sources */ = {isa = PBXBuildFile; fileRef = 02E816C9269F90A800B4096C /* RegisterButton.swift */; };
		02E8171D26A0E1F600B4096C /* RegisterViewModel.swift in Sources */ = {isa = PBXBuildFile; fileRef = 02E8171C26A0E1F600B4096C /* RegisterViewModel.swift */; };
		02E8172326A45FCF00B4096C /* Firebase-Extension.swift in Sources */ = {isa = PBXBuildFile; fileRef = 02E8172226A45FCF00B4096C /* Firebase-Extension.swift */; };
		02E8172526A59CD300B4096C /* LoginViewController.swift in Sources */ = {isa = PBXBuildFile; fileRef = 02E8172426A59CD300B4096C /* LoginViewController.swift */; };
		02E8172826A6EAD800B4096C /* PKHUD in Frameworks */ = {isa = PBXBuildFile; productRef = 02E8172726A6EAD800B4096C /* PKHUD */; };
		02E8172B26A6F17000B4096C /* User.swift in Sources */ = {isa = PBXBuildFile; fileRef = 02E8172A26A6F17000B4096C /* User.swift */; };
		75FEE4A099631517B0880A72 /* Pods_MatchingApp.framework in Frameworks */ = {isa = PBXBuildFile; fileRef = F5E44C86EC0F5297D100EEC2 /* Pods_MatchingApp.framework */; };
/* End PBXBuildFile section */

/* Begin PBXFileReference section */
		02057A91269B9A1F00F66115 /* CardInfoLabel.swift */ = {isa = PBXFileReference; lastKnownFileType = sourcecode.swift; path = CardInfoLabel.swift; sourceTree = "<group>"; };
		02057A93269BA3F900F66115 /* UIButton-Extension.swift */ = {isa = PBXFileReference; lastKnownFileType = sourcecode.swift; path = "UIButton-Extension.swift"; sourceTree = "<group>"; };
		02057A95269BA4D600F66115 /* CardImageView.swift */ = {isa = PBXFileReference; lastKnownFileType = sourcecode.swift; path = CardImageView.swift; sourceTree = "<group>"; };
		02057A9B269E391800F66115 /* GoogleService-Info.plist */ = {isa = PBXFileReference; fileEncoding = 4; lastKnownFileType = text.plist.xml; path = "GoogleService-Info.plist"; sourceTree = "<group>"; };
		02057A9D269E3B0A00F66115 /* RegisterViewController.swift */ = {isa = PBXFileReference; lastKnownFileType = sourcecode.swift; path = RegisterViewController.swift; sourceTree = "<group>"; };
		02057AA1269E40F500F66115 /* RegisterTextField.swift */ = {isa = PBXFileReference; lastKnownFileType = sourcecode.swift; path = RegisterTextField.swift; sourceTree = "<group>"; };
		02616572269451870077C244 /* MatchingApp.app */ = {isa = PBXFileReference; explicitFileType = wrapper.application; includeInIndex = 0; path = MatchingApp.app; sourceTree = BUILT_PRODUCTS_DIR; };
		02616575269451870077C244 /* AppDelegate.swift */ = {isa = PBXFileReference; lastKnownFileType = sourcecode.swift; path = AppDelegate.swift; sourceTree = "<group>"; };
		02616577269451870077C244 /* SceneDelegate.swift */ = {isa = PBXFileReference; lastKnownFileType = sourcecode.swift; path = SceneDelegate.swift; sourceTree = "<group>"; };
		02616579269451870077C244 /* HomeViewController.swift */ = {isa = PBXFileReference; lastKnownFileType = sourcecode.swift; path = HomeViewController.swift; sourceTree = "<group>"; };
		0261657E2694518B0077C244 /* Assets.xcassets */ = {isa = PBXFileReference; lastKnownFileType = folder.assetcatalog; path = Assets.xcassets; sourceTree = "<group>"; };
		026165812694518B0077C244 /* Base */ = {isa = PBXFileReference; lastKnownFileType = file.storyboard; name = Base; path = Base.lproj/LaunchScreen.storyboard; sourceTree = "<group>"; };
		026165832694518B0077C244 /* Info.plist */ = {isa = PBXFileReference; lastKnownFileType = text.plist.xml; path = Info.plist; sourceTree = "<group>"; };
		0261658B269500BC0077C244 /* BottomContollView.swift */ = {isa = PBXFileReference; lastKnownFileType = sourcecode.swift; path = BottomContollView.swift; sourceTree = "<group>"; };
		0261658D2696A6B40077C244 /* UIImage-Extension.swift */ = {isa = PBXFileReference; lastKnownFileType = sourcecode.swift; path = "UIImage-Extension.swift"; sourceTree = "<group>"; };
		026165902697A1C40077C244 /* TopControlView.swift */ = {isa = PBXFileReference; lastKnownFileType = sourcecode.swift; path = TopControlView.swift; sourceTree = "<group>"; };
		026165992697BC5B0077C244 /* UIView-Extension.swift */ = {isa = PBXFileReference; lastKnownFileType = sourcecode.swift; path = "UIView-Extension.swift"; sourceTree = "<group>"; };
		0261659B269824C20077C244 /* CardView.swift */ = {isa = PBXFileReference; lastKnownFileType = sourcecode.swift; path = CardView.swift; sourceTree = "<group>"; };
		0261659D269974CA0077C244 /* UIColor-Extension.swift */ = {isa = PBXFileReference; lastKnownFileType = sourcecode.swift; path = "UIColor-Extension.swift"; sourceTree = "<group>"; };
		027617FB26AA764D00112F68 /* ProfileViewController.swift */ = {isa = PBXFileReference; lastKnownFileType = sourcecode.swift; path = ProfileViewController.swift; sourceTree = "<group>"; };
		027617FE26AA7B7000112F68 /* ProfileImageView.swift */ = {isa = PBXFileReference; lastKnownFileType = sourcecode.swift; path = ProfileImageView.swift; sourceTree = "<group>"; };
		0276180026AA7C8500112F68 /* ProfileLabel.swift */ = {isa = PBXFileReference; lastKnownFileType = sourcecode.swift; path = ProfileLabel.swift; sourceTree = "<group>"; };
		028BDA0126AB8C9700EB2C6A /* ProfileTextField.swift */ = {isa = PBXFileReference; lastKnownFileType = sourcecode.swift; path = ProfileTextField.swift; sourceTree = "<group>"; };
		028BDA0426AB93FF00EB2C6A /* InfoCollectionViewCell.swift */ = {isa = PBXFileReference; lastKnownFileType = sourcecode.swift; path = InfoCollectionViewCell.swift; sourceTree = "<group>"; };
		02E816C7269F8CFF00B4096C /* RegisterTiitleLabel.swift */ = {isa = PBXFileReference; lastKnownFileType = sourcecode.swift; path = RegisterTiitleLabel.swift; sourceTree = "<group>"; };
		02E816C9269F90A800B4096C /* RegisterButton.swift */ = {isa = PBXFileReference; lastKnownFileType = sourcecode.swift; path = RegisterButton.swift; sourceTree = "<group>"; };
		02E8171C26A0E1F600B4096C /* RegisterViewModel.swift */ = {isa = PBXFileReference; lastKnownFileType = sourcecode.swift; path = RegisterViewModel.swift; sourceTree = "<group>"; };
		02E8172226A45FCF00B4096C /* Firebase-Extension.swift */ = {isa = PBXFileReference; lastKnownFileType = sourcecode.swift; path = "Firebase-Extension.swift"; sourceTree = "<group>"; };
		02E8172426A59CD300B4096C /* LoginViewController.swift */ = {isa = PBXFileReference; lastKnownFileType = sourcecode.swift; path = LoginViewController.swift; sourceTree = "<group>"; };
		02E8172A26A6F17000B4096C /* User.swift */ = {isa = PBXFileReference; lastKnownFileType = sourcecode.swift; path = User.swift; sourceTree = "<group>"; };
		3B609726388FA75ECCAE6779 /* Pods-MatchingApp.debug.xcconfig */ = {isa = PBXFileReference; includeInIndex = 1; lastKnownFileType = text.xcconfig; name = "Pods-MatchingApp.debug.xcconfig"; path = "Target Support Files/Pods-MatchingApp/Pods-MatchingApp.debug.xcconfig"; sourceTree = "<group>"; };
		89AC47533C2837177932C020 /* Pods-MatchingApp.release.xcconfig */ = {isa = PBXFileReference; includeInIndex = 1; lastKnownFileType = text.xcconfig; name = "Pods-MatchingApp.release.xcconfig"; path = "Target Support Files/Pods-MatchingApp/Pods-MatchingApp.release.xcconfig"; sourceTree = "<group>"; };
		F5E44C86EC0F5297D100EEC2 /* Pods_MatchingApp.framework */ = {isa = PBXFileReference; explicitFileType = wrapper.framework; includeInIndex = 0; path = Pods_MatchingApp.framework; sourceTree = BUILT_PRODUCTS_DIR; };
/* End PBXFileReference section */

/* Begin PBXFrameworksBuildPhase section */
		0261656F269451870077C244 /* Frameworks */ = {
			isa = PBXFrameworksBuildPhase;
			buildActionMask = 2147483647;
			files = (
				026165982697ADDA0077C244 /* RxRelay in Frameworks */,
				026165962697ADDA0077C244 /* RxCocoa in Frameworks */,
				026165942697ADDA0077C244 /* RxSwift in Frameworks */,
				02E8172826A6EAD800B4096C /* PKHUD in Frameworks */,
				75FEE4A099631517B0880A72 /* Pods_MatchingApp.framework in Frameworks */,
			);
			runOnlyForDeploymentPostprocessing = 0;
		};
/* End PBXFrameworksBuildPhase section */

/* Begin PBXGroup section */
		02057A9F269E40C100F66115 /* Home */ = {
			isa = PBXGroup;
			children = (
				0261658B269500BC0077C244 /* BottomContollView.swift */,
				026165902697A1C40077C244 /* TopControlView.swift */,
				0261659B269824C20077C244 /* CardView.swift */,
				02057A91269B9A1F00F66115 /* CardInfoLabel.swift */,
				02057A95269BA4D600F66115 /* CardImageView.swift */,
			);
			path = Home;
			sourceTree = "<group>";
		};
		02057AA0269E40DB00F66115 /* Register */ = {
			isa = PBXGroup;
			children = (
				02057AA1269E40F500F66115 /* RegisterTextField.swift */,
				02E816C7269F8CFF00B4096C /* RegisterTiitleLabel.swift */,
				02E816C9269F90A800B4096C /* RegisterButton.swift */,
			);
			path = Register;
			sourceTree = "<group>";
		};
		02616569269451870077C244 = {
			isa = PBXGroup;
			children = (
				02616574269451870077C244 /* MatchingApp */,
				02616573269451870077C244 /* Products */,
				D9AB9F3C728E04BE668E51C3 /* Pods */,
				634FD2BAABCF1A396812DFD2 /* Frameworks */,
			);
			sourceTree = "<group>";
		};
		02616573269451870077C244 /* Products */ = {
			isa = PBXGroup;
			children = (
				02616572269451870077C244 /* MatchingApp.app */,
			);
			name = Products;
			sourceTree = "<group>";
		};
		02616574269451870077C244 /* MatchingApp */ = {
			isa = PBXGroup;
			children = (
				028BDA0326AB93B800EB2C6A /* Cells */,
				02E8172926A6F15600B4096C /* Models */,
				0261658F2696A6C40077C244 /* Extensions */,
				0261658A269500950077C244 /* Views */,
				02E8171B26A0E1DA00B4096C /* ViewModels */,
				026165892695006A0077C244 /* ViewControllers */,
				02616575269451870077C244 /* AppDelegate.swift */,
				02616577269451870077C244 /* SceneDelegate.swift */,
				0261657E2694518B0077C244 /* Assets.xcassets */,
				026165802694518B0077C244 /* LaunchScreen.storyboard */,
				026165832694518B0077C244 /* Info.plist */,
				02E816C6269F206C00B4096C /* GoogleService-Info-DEVELOP */,
			);
			path = MatchingApp;
			sourceTree = "<group>";
		};
		026165892695006A0077C244 /* ViewControllers */ = {
			isa = PBXGroup;
			children = (
				02616579269451870077C244 /* HomeViewController.swift */,
				02057A9D269E3B0A00F66115 /* RegisterViewController.swift */,
				02E8172426A59CD300B4096C /* LoginViewController.swift */,
				027617FB26AA764D00112F68 /* ProfileViewController.swift */,
			);
			path = ViewControllers;
			sourceTree = "<group>";
		};
		0261658A269500950077C244 /* Views */ = {
			isa = PBXGroup;
			children = (
				027617FD26AA7B5A00112F68 /* Profile */,
				02057AA0269E40DB00F66115 /* Register */,
				02057A9F269E40C100F66115 /* Home */,
			);
			path = Views;
			sourceTree = "<group>";
		};
		0261658F2696A6C40077C244 /* Extensions */ = {
			isa = PBXGroup;
			children = (
				0261658D2696A6B40077C244 /* UIImage-Extension.swift */,
				026165992697BC5B0077C244 /* UIView-Extension.swift */,
				0261659D269974CA0077C244 /* UIColor-Extension.swift */,
				02057A93269BA3F900F66115 /* UIButton-Extension.swift */,
				02E8172226A45FCF00B4096C /* Firebase-Extension.swift */,
			);
			path = Extensions;
			sourceTree = "<group>";
		};
		027617FD26AA7B5A00112F68 /* Profile */ = {
			isa = PBXGroup;
			children = (
				027617FE26AA7B7000112F68 /* ProfileImageView.swift */,
				0276180026AA7C8500112F68 /* ProfileLabel.swift */,
				028BDA0126AB8C9700EB2C6A /* ProfileTextField.swift */,
			);
			path = Profile;
			sourceTree = "<group>";
		};
		028BDA0326AB93B800EB2C6A /* Cells */ = {
			isa = PBXGroup;
			children = (
				028BDA0426AB93FF00EB2C6A /* InfoCollectionViewCell.swift */,
			);
			path = Cells;
			sourceTree = "<group>";
		};
		02E816C6269F206C00B4096C /* GoogleService-Info-DEVELOP */ = {
			isa = PBXGroup;
			children = (
				02057A9B269E391800F66115 /* GoogleService-Info.plist */,
			);
			path = "GoogleService-Info-DEVELOP";
			sourceTree = "<group>";
		};
		02E8171B26A0E1DA00B4096C /* ViewModels */ = {
			isa = PBXGroup;
			children = (
				02E8171C26A0E1F600B4096C /* RegisterViewModel.swift */,
			);
			path = ViewModels;
			sourceTree = "<group>";
		};
		02E8172926A6F15600B4096C /* Models */ = {
			isa = PBXGroup;
			children = (
				02E8172A26A6F17000B4096C /* User.swift */,
			);
			path = Models;
			sourceTree = "<group>";
		};
		634FD2BAABCF1A396812DFD2 /* Frameworks */ = {
			isa = PBXGroup;
			children = (
				F5E44C86EC0F5297D100EEC2 /* Pods_MatchingApp.framework */,
			);
			name = Frameworks;
			sourceTree = "<group>";
		};
		D9AB9F3C728E04BE668E51C3 /* Pods */ = {
			isa = PBXGroup;
			children = (
				3B609726388FA75ECCAE6779 /* Pods-MatchingApp.debug.xcconfig */,
				89AC47533C2837177932C020 /* Pods-MatchingApp.release.xcconfig */,
			);
			path = Pods;
			sourceTree = "<group>";
		};
/* End PBXGroup section */

/* Begin PBXNativeTarget section */
		02616571269451870077C244 /* MatchingApp */ = {
			isa = PBXNativeTarget;
			buildConfigurationList = 026165862694518B0077C244 /* Build configuration list for PBXNativeTarget "MatchingApp" */;
			buildPhases = (
				4FD6E5F9004CA93F7ED4252A /* [CP] Check Pods Manifest.lock */,
				0261656E269451870077C244 /* Sources */,
				0261656F269451870077C244 /* Frameworks */,
				02616570269451870077C244 /* Resources */,
				7116BA6C30B4FE5B27D42F3B /* [CP] Embed Pods Frameworks */,
			);
			buildRules = (
			);
			dependencies = (
			);
			name = MatchingApp;
			packageProductDependencies = (
				026165932697ADDA0077C244 /* RxSwift */,
				026165952697ADDA0077C244 /* RxCocoa */,
				026165972697ADDA0077C244 /* RxRelay */,
				02E8172726A6EAD800B4096C /* PKHUD */,
			);
			productName = MatchingApp;
			productReference = 02616572269451870077C244 /* MatchingApp.app */;
			productType = "com.apple.product-type.application";
		};
/* End PBXNativeTarget section */

/* Begin PBXProject section */
		0261656A269451870077C244 /* Project object */ = {
			isa = PBXProject;
			attributes = {
				LastSwiftUpdateCheck = 1250;
				LastUpgradeCheck = 1250;
				TargetAttributes = {
					02616571269451870077C244 = {
						CreatedOnToolsVersion = 12.5;
					};
				};
			};
			buildConfigurationList = 0261656D269451870077C244 /* Build configuration list for PBXProject "MatchingApp" */;
			compatibilityVersion = "Xcode 9.3";
			developmentRegion = en;
			hasScannedForEncodings = 0;
			knownRegions = (
				en,
				Base,
			);
			mainGroup = 02616569269451870077C244;
			packageReferences = (
				026165922697ADDA0077C244 /* XCRemoteSwiftPackageReference "RxSwift" */,
				02E8172626A6EAD800B4096C /* XCRemoteSwiftPackageReference "PKHUD" */,
			);
			productRefGroup = 02616573269451870077C244 /* Products */;
			projectDirPath = "";
			projectRoot = "";
			targets = (
				02616571269451870077C244 /* MatchingApp */,
			);
		};
/* End PBXProject section */

/* Begin PBXResourcesBuildPhase section */
		02616570269451870077C244 /* Resources */ = {
			isa = PBXResourcesBuildPhase;
			buildActionMask = 2147483647;
			files = (
				026165822694518B0077C244 /* LaunchScreen.storyboard in Resources */,
				0261657F2694518B0077C244 /* Assets.xcassets in Resources */,
				02057A9C269E391800F66115 /* GoogleService-Info.plist in Resources */,
			);
			runOnlyForDeploymentPostprocessing = 0;
		};
/* End PBXResourcesBuildPhase section */

/* Begin PBXShellScriptBuildPhase section */
		4FD6E5F9004CA93F7ED4252A /* [CP] Check Pods Manifest.lock */ = {
			isa = PBXShellScriptBuildPhase;
			buildActionMask = 2147483647;
			files = (
			);
			inputFileListPaths = (
			);
			inputPaths = (
				"${PODS_PODFILE_DIR_PATH}/Podfile.lock",
				"${PODS_ROOT}/Manifest.lock",
			);
			name = "[CP] Check Pods Manifest.lock";
			outputFileListPaths = (
			);
			outputPaths = (
				"$(DERIVED_FILE_DIR)/Pods-MatchingApp-checkManifestLockResult.txt",
			);
			runOnlyForDeploymentPostprocessing = 0;
			shellPath = /bin/sh;
			shellScript = "diff \"${PODS_PODFILE_DIR_PATH}/Podfile.lock\" \"${PODS_ROOT}/Manifest.lock\" > /dev/null\nif [ $? != 0 ] ; then\n    # print error to STDERR\n    echo \"error: The sandbox is not in sync with the Podfile.lock. Run 'pod install' or update your CocoaPods installation.\" >&2\n    exit 1\nfi\n# This output is used by Xcode 'outputs' to avoid re-running this script phase.\necho \"SUCCESS\" > \"${SCRIPT_OUTPUT_FILE_0}\"\n";
			showEnvVarsInLog = 0;
		};
		7116BA6C30B4FE5B27D42F3B /* [CP] Embed Pods Frameworks */ = {
			isa = PBXShellScriptBuildPhase;
			buildActionMask = 2147483647;
			files = (
			);
			inputFileListPaths = (
				"${PODS_ROOT}/Target Support Files/Pods-MatchingApp/Pods-MatchingApp-frameworks-${CONFIGURATION}-input-files.xcfilelist",
			);
			name = "[CP] Embed Pods Frameworks";
			outputFileListPaths = (
				"${PODS_ROOT}/Target Support Files/Pods-MatchingApp/Pods-MatchingApp-frameworks-${CONFIGURATION}-output-files.xcfilelist",
			);
			runOnlyForDeploymentPostprocessing = 0;
			shellPath = /bin/sh;
			shellScript = "\"${PODS_ROOT}/Target Support Files/Pods-MatchingApp/Pods-MatchingApp-frameworks.sh\"\n";
			showEnvVarsInLog = 0;
		};
/* End PBXShellScriptBuildPhase section */

/* Begin PBXSourcesBuildPhase section */
		0261656E269451870077C244 /* Sources */ = {
			isa = PBXSourcesBuildPhase;
			buildActionMask = 2147483647;
			files = (
				028BDA0526AB93FF00EB2C6A /* InfoCollectionViewCell.swift in Sources */,
				02E816CA269F90A800B4096C /* RegisterButton.swift in Sources */,
				026165912697A1C40077C244 /* TopControlView.swift in Sources */,
				0261657A269451870077C244 /* HomeViewController.swift in Sources */,
				02057A92269B9A1F00F66115 /* CardInfoLabel.swift in Sources */,
				02E8172526A59CD300B4096C /* LoginViewController.swift in Sources */,
				02616576269451870077C244 /* AppDelegate.swift in Sources */,
				02E816C8269F8CFF00B4096C /* RegisterTiitleLabel.swift in Sources */,
				0261659A2697BC5B0077C244 /* UIView-Extension.swift in Sources */,
				02E8172B26A6F17000B4096C /* User.swift in Sources */,
				0261659E269974CA0077C244 /* UIColor-Extension.swift in Sources */,
				02E8172326A45FCF00B4096C /* Firebase-Extension.swift in Sources */,
				028BDA0226AB8C9700EB2C6A /* ProfileTextField.swift in Sources */,
				02057A94269BA3F900F66115 /* UIButton-Extension.swift in Sources */,
				02E8171D26A0E1F600B4096C /* RegisterViewModel.swift in Sources */,
				0261658C269500BC0077C244 /* BottomContollView.swift in Sources */,
				02616578269451870077C244 /* SceneDelegate.swift in Sources */,
				0261659C269824C20077C244 /* CardView.swift in Sources */,
				027617FF26AA7B7000112F68 /* ProfileImageView.swift in Sources */,
				0276180126AA7C8500112F68 /* ProfileLabel.swift in Sources */,
				02057AA2269E40F500F66115 /* RegisterTextField.swift in Sources */,
				02057A9E269E3B0A00F66115 /* RegisterViewController.swift in Sources */,
				027617FC26AA764D00112F68 /* ProfileViewController.swift in Sources */,
				02057A96269BA4D600F66115 /* CardImageView.swift in Sources */,
				0261658E2696A6B50077C244 /* UIImage-Extension.swift in Sources */,
			);
			runOnlyForDeploymentPostprocessing = 0;
		};
/* End PBXSourcesBuildPhase section */

/* Begin PBXVariantGroup section */
		026165802694518B0077C244 /* LaunchScreen.storyboard */ = {
			isa = PBXVariantGroup;
			children = (
				026165812694518B0077C244 /* Base */,
			);
			name = LaunchScreen.storyboard;
			sourceTree = "<group>";
		};
/* End PBXVariantGroup section */

/* Begin XCBuildConfiguration section */
		026165842694518B0077C244 /* Debug */ = {
			isa = XCBuildConfiguration;
			buildSettings = {
				ALWAYS_SEARCH_USER_PATHS = NO;
				CLANG_ANALYZER_NONNULL = YES;
				CLANG_ANALYZER_NUMBER_OBJECT_CONVERSION = YES_AGGRESSIVE;
				CLANG_CXX_LANGUAGE_STANDARD = "gnu++14";
				CLANG_CXX_LIBRARY = "libc++";
				CLANG_ENABLE_MODULES = YES;
				CLANG_ENABLE_OBJC_ARC = YES;
				CLANG_ENABLE_OBJC_WEAK = YES;
				CLANG_WARN_BLOCK_CAPTURE_AUTORELEASING = YES;
				CLANG_WARN_BOOL_CONVERSION = YES;
				CLANG_WARN_COMMA = YES;
				CLANG_WARN_CONSTANT_CONVERSION = YES;
				CLANG_WARN_DEPRECATED_OBJC_IMPLEMENTATIONS = YES;
				CLANG_WARN_DIRECT_OBJC_ISA_USAGE = YES_ERROR;
				CLANG_WARN_DOCUMENTATION_COMMENTS = YES;
				CLANG_WARN_EMPTY_BODY = YES;
				CLANG_WARN_ENUM_CONVERSION = YES;
				CLANG_WARN_INFINITE_RECURSION = YES;
				CLANG_WARN_INT_CONVERSION = YES;
				CLANG_WARN_NON_LITERAL_NULL_CONVERSION = YES;
				CLANG_WARN_OBJC_IMPLICIT_RETAIN_SELF = YES;
				CLANG_WARN_OBJC_LITERAL_CONVERSION = YES;
				CLANG_WARN_OBJC_ROOT_CLASS = YES_ERROR;
				CLANG_WARN_QUOTED_INCLUDE_IN_FRAMEWORK_HEADER = YES;
				CLANG_WARN_RANGE_LOOP_ANALYSIS = YES;
				CLANG_WARN_STRICT_PROTOTYPES = YES;
				CLANG_WARN_SUSPICIOUS_MOVE = YES;
				CLANG_WARN_UNGUARDED_AVAILABILITY = YES_AGGRESSIVE;
				CLANG_WARN_UNREACHABLE_CODE = YES;
				CLANG_WARN__DUPLICATE_METHOD_MATCH = YES;
				COPY_PHASE_STRIP = NO;
				DEBUG_INFORMATION_FORMAT = dwarf;
				ENABLE_STRICT_OBJC_MSGSEND = YES;
				ENABLE_TESTABILITY = YES;
				GCC_C_LANGUAGE_STANDARD = gnu11;
				GCC_DYNAMIC_NO_PIC = NO;
				GCC_NO_COMMON_BLOCKS = YES;
				GCC_OPTIMIZATION_LEVEL = 0;
				GCC_PREPROCESSOR_DEFINITIONS = (
					"DEBUG=1",
					"$(inherited)",
				);
				GCC_WARN_64_TO_32_BIT_CONVERSION = YES;
				GCC_WARN_ABOUT_RETURN_TYPE = YES_ERROR;
				GCC_WARN_UNDECLARED_SELECTOR = YES;
				GCC_WARN_UNINITIALIZED_AUTOS = YES_AGGRESSIVE;
				GCC_WARN_UNUSED_FUNCTION = YES;
				GCC_WARN_UNUSED_VARIABLE = YES;
				IPHONEOS_DEPLOYMENT_TARGET = 14.5;
				MTL_ENABLE_DEBUG_INFO = INCLUDE_SOURCE;
				MTL_FAST_MATH = YES;
				ONLY_ACTIVE_ARCH = YES;
				SDKROOT = iphoneos;
				SWIFT_ACTIVE_COMPILATION_CONDITIONS = DEBUG;
				SWIFT_OPTIMIZATION_LEVEL = "-Onone";
			};
			name = Debug;
		};
		026165852694518B0077C244 /* Release */ = {
			isa = XCBuildConfiguration;
			buildSettings = {
				ALWAYS_SEARCH_USER_PATHS = NO;
				CLANG_ANALYZER_NONNULL = YES;
				CLANG_ANALYZER_NUMBER_OBJECT_CONVERSION = YES_AGGRESSIVE;
				CLANG_CXX_LANGUAGE_STANDARD = "gnu++14";
				CLANG_CXX_LIBRARY = "libc++";
				CLANG_ENABLE_MODULES = YES;
				CLANG_ENABLE_OBJC_ARC = YES;
				CLANG_ENABLE_OBJC_WEAK = YES;
				CLANG_WARN_BLOCK_CAPTURE_AUTORELEASING = YES;
				CLANG_WARN_BOOL_CONVERSION = YES;
				CLANG_WARN_COMMA = YES;
				CLANG_WARN_CONSTANT_CONVERSION = YES;
				CLANG_WARN_DEPRECATED_OBJC_IMPLEMENTATIONS = YES;
				CLANG_WARN_DIRECT_OBJC_ISA_USAGE = YES_ERROR;
				CLANG_WARN_DOCUMENTATION_COMMENTS = YES;
				CLANG_WARN_EMPTY_BODY = YES;
				CLANG_WARN_ENUM_CONVERSION = YES;
				CLANG_WARN_INFINITE_RECURSION = YES;
				CLANG_WARN_INT_CONVERSION = YES;
				CLANG_WARN_NON_LITERAL_NULL_CONVERSION = YES;
				CLANG_WARN_OBJC_IMPLICIT_RETAIN_SELF = YES;
				CLANG_WARN_OBJC_LITERAL_CONVERSION = YES;
				CLANG_WARN_OBJC_ROOT_CLASS = YES_ERROR;
				CLANG_WARN_QUOTED_INCLUDE_IN_FRAMEWORK_HEADER = YES;
				CLANG_WARN_RANGE_LOOP_ANALYSIS = YES;
				CLANG_WARN_STRICT_PROTOTYPES = YES;
				CLANG_WARN_SUSPICIOUS_MOVE = YES;
				CLANG_WARN_UNGUARDED_AVAILABILITY = YES_AGGRESSIVE;
				CLANG_WARN_UNREACHABLE_CODE = YES;
				CLANG_WARN__DUPLICATE_METHOD_MATCH = YES;
				COPY_PHASE_STRIP = NO;
				DEBUG_INFORMATION_FORMAT = "dwarf-with-dsym";
				ENABLE_NS_ASSERTIONS = NO;
				ENABLE_STRICT_OBJC_MSGSEND = YES;
				GCC_C_LANGUAGE_STANDARD = gnu11;
				GCC_NO_COMMON_BLOCKS = YES;
				GCC_WARN_64_TO_32_BIT_CONVERSION = YES;
				GCC_WARN_ABOUT_RETURN_TYPE = YES_ERROR;
				GCC_WARN_UNDECLARED_SELECTOR = YES;
				GCC_WARN_UNINITIALIZED_AUTOS = YES_AGGRESSIVE;
				GCC_WARN_UNUSED_FUNCTION = YES;
				GCC_WARN_UNUSED_VARIABLE = YES;
				IPHONEOS_DEPLOYMENT_TARGET = 14.5;
				MTL_ENABLE_DEBUG_INFO = NO;
				MTL_FAST_MATH = YES;
				SDKROOT = iphoneos;
				SWIFT_COMPILATION_MODE = wholemodule;
				SWIFT_OPTIMIZATION_LEVEL = "-O";
				VALIDATE_PRODUCT = YES;
			};
			name = Release;
		};
		026165872694518B0077C244 /* Debug */ = {
			isa = XCBuildConfiguration;
			baseConfigurationReference = 3B609726388FA75ECCAE6779 /* Pods-MatchingApp.debug.xcconfig */;
			buildSettings = {
				ASSETCATALOG_COMPILER_APPICON_NAME = AppIcon;
				ASSETCATALOG_COMPILER_GLOBAL_ACCENT_COLOR_NAME = AccentColor;
				CODE_SIGN_STYLE = Automatic;
				DEVELOPMENT_TEAM = JCXV9CV8VM;
				INFOPLIST_FILE = MatchingApp/Info.plist;
				LD_RUNPATH_SEARCH_PATHS = (
					"$(inherited)",
					"@executable_path/Frameworks",
				);
				PRODUCT_BUNDLE_IDENTIFIER = com.n4ksuk.MatchingApp;
				PRODUCT_NAME = "$(TARGET_NAME)";
				SWIFT_VERSION = 5.0;
				TARGETED_DEVICE_FAMILY = "1,2";
			};
			name = Debug;
		};
		026165882694518B0077C244 /* Release */ = {
			isa = XCBuildConfiguration;
			baseConfigurationReference = 89AC47533C2837177932C020 /* Pods-MatchingApp.release.xcconfig */;
			buildSettings = {
				ASSETCATALOG_COMPILER_APPICON_NAME = AppIcon;
				ASSETCATALOG_COMPILER_GLOBAL_ACCENT_COLOR_NAME = AccentColor;
				CODE_SIGN_STYLE = Automatic;
				DEVELOPMENT_TEAM = JCXV9CV8VM;
				INFOPLIST_FILE = MatchingApp/Info.plist;
				LD_RUNPATH_SEARCH_PATHS = (
					"$(inherited)",
					"@executable_path/Frameworks",
				);
				PRODUCT_BUNDLE_IDENTIFIER = com.n4ksuk.MatchingApp;
				PRODUCT_NAME = "$(TARGET_NAME)";
				SWIFT_VERSION = 5.0;
				TARGETED_DEVICE_FAMILY = "1,2";
			};
			name = Release;
		};
/* End XCBuildConfiguration section */

/* Begin XCConfigurationList section */
		0261656D269451870077C244 /* Build configuration list for PBXProject "MatchingApp" */ = {
			isa = XCConfigurationList;
			buildConfigurations = (
				026165842694518B0077C244 /* Debug */,
				026165852694518B0077C244 /* Release */,
			);
			defaultConfigurationIsVisible = 0;
			defaultConfigurationName = Release;
		};
		026165862694518B0077C244 /* Build configuration list for PBXNativeTarget "MatchingApp" */ = {
			isa = XCConfigurationList;
			buildConfigurations = (
				026165872694518B0077C244 /* Debug */,
				026165882694518B0077C244 /* Release */,
			);
			defaultConfigurationIsVisible = 0;
			defaultConfigurationName = Release;
		};
/* End XCConfigurationList section */

/* Begin XCRemoteSwiftPackageReference section */
		026165922697ADDA0077C244 /* XCRemoteSwiftPackageReference "RxSwift" */ = {
			isa = XCRemoteSwiftPackageReference;
			repositoryURL = "https://github.com/ReactiveX/RxSwift";
			requirement = {
				kind = exactVersion;
				version = 6.0.0;
			};
		};
		02E8172626A6EAD800B4096C /* XCRemoteSwiftPackageReference "PKHUD" */ = {
			isa = XCRemoteSwiftPackageReference;
			repositoryURL = "https://github.com/pkluz/PKHUD";
			requirement = {
				kind = upToNextMajorVersion;
				minimumVersion = 5.4.0;
			};
		};
/* End XCRemoteSwiftPackageReference section */

/* Begin XCSwiftPackageProductDependency section */
		026165932697ADDA0077C244 /* RxSwift */ = {
			isa = XCSwiftPackageProductDependency;
			package = 026165922697ADDA0077C244 /* XCRemoteSwiftPackageReference "RxSwift" */;
			productName = RxSwift;
		};
		026165952697ADDA0077C244 /* RxCocoa */ = {
			isa = XCSwiftPackageProductDependency;
			package = 026165922697ADDA0077C244 /* XCRemoteSwiftPackageReference "RxSwift" */;
			productName = RxCocoa;
		};
		026165972697ADDA0077C244 /* RxRelay */ = {
			isa = XCSwiftPackageProductDependency;
			package = 026165922697ADDA0077C244 /* XCRemoteSwiftPackageReference "RxSwift" */;
			productName = RxRelay;
		};
		02E8172726A6EAD800B4096C /* PKHUD */ = {
			isa = XCSwiftPackageProductDependency;
			package = 02E8172626A6EAD800B4096C /* XCRemoteSwiftPackageReference "PKHUD" */;
			productName = PKHUD;
		};
/* End XCSwiftPackageProductDependency section */
	};
	rootObject = 0261656A269451870077C244 /* Project object */;
}
